
Microsoft Visual Studio Solution File, Format Version 12.00
# Visual Studio Version 16
VisualStudioVersion = 16.0.31321.278
MinimumVisualStudioVersion = 10.0.40219.1
Project("{FAE04EC0-301F-11D3-BF4B-00C04F79EFBC}") = "MedidoresInteligentesFinal", "MedidoresInteligentesFinal\MedidoresInteligentesFinal.csproj", "{7C69958F-0FE1-459F-AE60-CDD76A36DF62}"
EndProject
Project("{FAE04EC0-301F-11D3-BF4B-00C04F79EFBC}") = "MedidoresModel", "MedidoresModel\MedidoresModel.csproj", "{EE51E385-686F-4439-BCAC-0E7E736AC2C7}"
EndProject
Global
	GlobalSection(SolutionConfigurationPlatforms) = preSolution
		Debug|Any CPU = Debug|Any CPU
		Release|Any CPU = Release|Any CPU
	EndGlobalSection
	GlobalSection(ProjectConfigurationPlatforms) = postSolution
		{7C69958F-0FE1-459F-AE60-CDD76A36DF62}.Debug|Any CPU.ActiveCfg = Debug|Any CPU
		{7C69958F-0FE1-459F-AE60-CDD76A36DF62}.Debug|Any CPU.Build.0 = Debug|Any CPU
		{7C69958F-0FE1-459F-AE60-CDD76A36DF62}.Release|Any CPU.ActiveCfg = Release|Any CPU
		{7C69958F-0FE1-459F-AE60-CDD76A36DF62}.Release|Any CPU.Build.0 = Release|Any CPU
		{EE51E385-686F-4439-BCAC-0E7E736AC2C7}.Debug|Any CPU.ActiveCfg = Debug|Any CPU
		{EE51E385-686F-4439-BCAC-0E7E736AC2C7}.Debug|Any CPU.Build.0 = Debug|Any CPU
		{EE51E385-686F-4439-BCAC-0E7E736AC2C7}.Release|Any CPU.ActiveCfg = Release|Any CPU
		{EE51E385-686F-4439-BCAC-0E7E736AC2C7}.Release|Any CPU.Build.0 = Release|Any CPU
	EndGlobalSection
	GlobalSection(SolutionProperties) = preSolution
		HideSolutionNode = FALSE
	EndGlobalSection
	GlobalSection(ExtensibilityGlobals) = postSolution
		SolutionGuid = {D5BA2E97-0205-497B-8628-27E243A5B96E}
	EndGlobalSection
EndGlobal
